
Microsoft Visual Studio Solution File, Format Version 12.00
Project("{FAE04EC0-301F-11D3-BF4B-00C04F79EFBC}") = "Workload", "Workload\Workload.csproj", "{B45F15E9-FB20-44A3-8A91-B117665513C4}"
EndProject
Project("{FAE04EC0-301F-11D3-BF4B-00C04F79EFBC}") = "ConsoleApp", "ConsoleApp\ConsoleApp.csproj", "{BC060A24-9E64-428C-885D-71476C691B91}"
EndProject
Project("{FAE04EC0-301F-11D3-BF4B-00C04F79EFBC}") = "WpfApp", "WpfApp\WpfApp.csproj", "{362C38A9-C3B8-44CD-9BFB-4D00FB01F2DC}"
EndProject
Project("{FAE04EC0-301F-11D3-BF4B-00C04F79EFBC}") = "Utils", "Utils\Utils.csproj", "{A61FCD72-8581-4ED2-9157-C438EDFF6BF5}"
EndProject
Project("{FAE04EC0-301F-11D3-BF4B-00C04F79EFBC}") = "Utils.Tests", "Utils.Tests\Utils.Tests.csproj", "{B9523E00-0493-4D7B-901A-FD138588C94A}"
EndProject
Global
	GlobalSection(SolutionConfigurationPlatforms) = preSolution
		Debug|Any CPU = Debug|Any CPU
		Release|Any CPU = Release|Any CPU
	EndGlobalSection
	GlobalSection(ProjectConfigurationPlatforms) = postSolution
		{B45F15E9-FB20-44A3-8A91-B117665513C4}.Debug|Any CPU.ActiveCfg = Debug|Any CPU
		{B45F15E9-FB20-44A3-8A91-B117665513C4}.Debug|Any CPU.Build.0 = Debug|Any CPU
		{B45F15E9-FB20-44A3-8A91-B117665513C4}.Release|Any CPU.ActiveCfg = Release|Any CPU
		{B45F15E9-FB20-44A3-8A91-B117665513C4}.Release|Any CPU.Build.0 = Release|Any CPU
		{BC060A24-9E64-428C-885D-71476C691B91}.Debug|Any CPU.ActiveCfg = Debug|Any CPU
		{BC060A24-9E64-428C-885D-71476C691B91}.Debug|Any CPU.Build.0 = Debug|Any CPU
		{BC060A24-9E64-428C-885D-71476C691B91}.Release|Any CPU.ActiveCfg = Release|Any CPU
		{BC060A24-9E64-428C-885D-71476C691B91}.Release|Any CPU.Build.0 = Release|Any CPU
		{362C38A9-C3B8-44CD-9BFB-4D00FB01F2DC}.Debug|Any CPU.ActiveCfg = Debug|Any CPU
		{362C38A9-C3B8-44CD-9BFB-4D00FB01F2DC}.Debug|Any CPU.Build.0 = Debug|Any CPU
		{362C38A9-C3B8-44CD-9BFB-4D00FB01F2DC}.Release|Any CPU.ActiveCfg = Release|Any CPU
		{362C38A9-C3B8-44CD-9BFB-4D00FB01F2DC}.Release|Any CPU.Build.0 = Release|Any CPU
		{A61FCD72-8581-4ED2-9157-C438EDFF6BF5}.Debug|Any CPU.ActiveCfg = Debug|Any CPU
		{A61FCD72-8581-4ED2-9157-C438EDFF6BF5}.Debug|Any CPU.Build.0 = Debug|Any CPU
		{A61FCD72-8581-4ED2-9157-C438EDFF6BF5}.Release|Any CPU.ActiveCfg = Release|Any CPU
		{A61FCD72-8581-4ED2-9157-C438EDFF6BF5}.Release|Any CPU.Build.0 = Release|Any CPU
		{B9523E00-0493-4D7B-901A-FD138588C94A}.Debug|Any CPU.ActiveCfg = Debug|Any CPU
		{B9523E00-0493-4D7B-901A-FD138588C94A}.Debug|Any CPU.Build.0 = Debug|Any CPU
		{B9523E00-0493-4D7B-901A-FD138588C94A}.Release|Any CPU.ActiveCfg = Release|Any CPU
		{B9523E00-0493-4D7B-901A-FD138588C94A}.Release|Any CPU.Build.0 = Release|Any CPU
	EndGlobalSection
EndGlobal
